{
  "originHash" : "13f23dfc21ecf0eabb536a2fbaf467eace6408673d74d2aadc4746029a9f7ae5",
  "pins" : [
    {
      "identity" : "swiftsoup",
      "kind" : "remoteSourceControl",
      "location" : "https://github.com/scinfu/SwiftSoup.git",
      "state" : {
        "revision" : "49dcadd93161f4a44b4994d3a3e8de9f085aface",
        "version" : "2.13.5"
      }
    }
  ],
  "version" : 3
}
